
Microsoft Visual Studio Solution File, Format Version 12.00
# Visual Studio Version 17
VisualStudioVersion = 17.11.35208.52
MinimumVisualStudioVersion = 10.0.40219.1
Project("{C9674DCB-5085-4A16-B785-4C70DD1589BD}") = "FinalIS", "FinalIS\FinalIS.dtproj", "{FA074EDE-936E-45DF-AEDD-7A647CACCE83}"
EndProject
Global
	GlobalSection(SolutionConfigurationPlatforms) = preSolution
		Development|Default = Development|Default
	EndGlobalSection
	GlobalSection(ProjectConfigurationPlatforms) = postSolution
		{FA074EDE-936E-45DF-AEDD-7A647CACCE83}.Development|Default.ActiveCfg = Development
		{FA074EDE-936E-45DF-AEDD-7A647CACCE83}.Development|Default.Build.0 = Development
	EndGlobalSection
	GlobalSection(SolutionProperties) = preSolution
		HideSolutionNode = FALSE
	EndGlobalSection
	GlobalSection(ExtensibilityGlobals) = postSolution
		SolutionGuid = {EAD309BC-9456-4C9B-A864-F2BB2F7BA590}
	EndGlobalSection
EndGlobal
